
Microsoft Visual Studio Solution File, Format Version 12.00
# Visual Studio Version 17
VisualStudioVersion = 17.9.34723.18
MinimumVisualStudioVersion = 10.0.40219.1
Project("{FAE04EC0-301F-11D3-BF4B-00C04F79EFBC}") = "Pizzeria", "Pizzeria.csproj", "{0B38D9DD-F3E7-4C8E-9B30-8B239E7B9A3B}"
EndProject
Global
	GlobalSection(SolutionConfigurationPlatforms) = preSolution
		Debug|Any CPU = Debug|Any CPU
		Release|Any CPU = Release|Any CPU
	EndGlobalSection
	GlobalSection(ProjectConfigurationPlatforms) = postSolution
		{0B38D9DD-F3E7-4C8E-9B30-8B239E7B9A3B}.Debug|Any CPU.ActiveCfg = Debug|Any CPU
		{0B38D9DD-F3E7-4C8E-9B30-8B239E7B9A3B}.Debug|Any CPU.Build.0 = Debug|Any CPU
		{0B38D9DD-F3E7-4C8E-9B30-8B239E7B9A3B}.Release|Any CPU.ActiveCfg = Release|Any CPU
		{0B38D9DD-F3E7-4C8E-9B30-8B239E7B9A3B}.Release|Any CPU.Build.0 = Release|Any CPU
	EndGlobalSection
	GlobalSection(SolutionProperties) = preSolution
		HideSolutionNode = FALSE
	EndGlobalSection
	GlobalSection(ExtensibilityGlobals) = postSolution
		SolutionGuid = {31162268-28B1-40DF-BB2A-47305EC73D30}
	EndGlobalSection
EndGlobal
